// !$*UTF8*$!
{
	archiveVersion = 1;
	classes = {
	};
	objectVersion = 77;
	objects = {

/* Begin PBXBuildFile section */
		006547217CEB29410796DDE2 /* PerformanceBenchmarkTests.swift in Sources */ = {isa = PBXBuildFile; fileRef = BC8A5E83190F2BE454002AF3 /* PerformanceBenchmarkTests.swift */; };
		04C5D01461574B2DC70B2976 /* GhosttyInput.swift in Sources */ = {isa = PBXBuildFile; fileRef = 6C880ADE2985F2564FE074A9 /* GhosttyInput.swift */; };
		072331F12CC7007794B08CF1 /* JSONTokenizerTests.swift in Sources */ = {isa = PBXBuildFile; fileRef = 82D7963110E1A9AC988CD6C8 /* JSONTokenizerTests.swift */; };
		085CFD75DF7B4FA9B9F36894 /* KeyBindingDispatcherTests.swift in Sources */ = {isa = PBXBuildFile; fileRef = 44F9E6038E59B2766F11272E /* KeyBindingDispatcherTests.swift */; };
		0FAC866DE2F0E11344222CC0 /* Sparkle in Frameworks */ = {isa = PBXBuildFile; productRef = 4914B0341A868631C86F9855 /* Sparkle */; };
		17A1E6F4A360BF5C97590C6E /* PaneContainerView.swift in Sources */ = {isa = PBXBuildFile; fileRef = 57E292C9A04F867FABB9662E /* PaneContainerView.swift */; };
		1A3F5B7D9E2C4A8071F6BE50 /* PaneHeaderView.swift in Sources */ = {isa = PBXBuildFile; fileRef = 58B4C6D2A1E3F790843D5B26 /* PaneHeaderView.swift */; };
		1A3F5B7D9E2C4A8071F6BE51 /* PaneDragState.swift in Sources */ = {isa = PBXBuildFile; fileRef = 58B4C6D2A1E3F790843D5B27 /* PaneDragState.swift */; };
		18519D4339772CD5A30CCECA /* ConfigFile.swift in Sources */ = {isa = PBXBuildFile; fileRef = BF1B9F8F03276266294D2F0B /* ConfigFile.swift */; };
		1851A4083C58F1F7361DB04C /* SettingsView.swift in Sources */ = {isa = PBXBuildFile; fileRef = 17E46BFDCDCA182651723141 /* SettingsView.swift */; };
		1851A408AAEE0001BBBBB001 /* ThemePicker.swift in Sources */ = {isa = PBXBuildFile; fileRef = 17E46BFDAAEE0001BBBBB001 /* ThemePicker.swift */; };
		1A68BB74DD68235FD70B8CC8 /* EditorFileIOTests.swift in Sources */ = {isa = PBXBuildFile; fileRef = 701EC8B00AF61720A7DECCDE /* EditorFileIOTests.swift */; };
		1CED6DD8299D1750E4C66631 /* SettingsStore.swift in Sources */ = {isa = PBXBuildFile; fileRef = 4BA08886415B515EB410905D /* SettingsStore.swift */; };
		1D208652A6CF443FFD84D919 /* BlockStore.swift in Sources */ = {isa = PBXBuildFile; fileRef = D89D726E46FBCEF09C9F3737 /* BlockStore.swift */; };
		20E83390D91A14BBAFD615CC /* GhosttyConfig.swift in Sources */ = {isa = PBXBuildFile; fileRef = FF7543B634720042FBCD3C12 /* GhosttyConfig.swift */; };
		21B8B24014BA7BEB3D16003F /* FixedPitchFontLibraryTests.swift in Sources */ = {isa = PBXBuildFile; fileRef = 6F327F83FF7CD1A1B4166DD1 /* FixedPitchFontLibraryTests.swift */; };
		222EC9F7F53F29D795F54208 /* HistorySearchOverlayView.swift in Sources */ = {isa = PBXBuildFile; fileRef = 0265AE3B30D51A6B57910DEB /* HistorySearchOverlayView.swift */; };
		240E9E873F51A10E1909C148 /* SyntaxColorMap.swift in Sources */ = {isa = PBXBuildFile; fileRef = 14EF26BCCEF5BA7526FF28CB /* SyntaxColorMap.swift */; };
		28AA7C7CF64F0DE82AA98573 /* BuiltInTheme.swift in Sources */ = {isa = PBXBuildFile; fileRef = B8C0E5566A3C23FA6CFC0EB2 /* BuiltInTheme.swift */; };
		29A734CE04277445AEE6D04F /* CommandCaptureTests.swift in Sources */ = {isa = PBXBuildFile; fileRef = 194C23B007577944F607E3A3 /* CommandCaptureTests.swift */; };
		29D0CE84C757E03EF56F432D /* GhosttyInputTests.swift in Sources */ = {isa = PBXBuildFile; fileRef = 6C11B2123603104BFA909CD4 /* GhosttyInputTests.swift */; };
		29FFF216B814B9550F6C6BB8 /* KeyBindingDispatcher.swift in Sources */ = {isa = PBXBuildFile; fileRef = 2F5F36845B3552C4B30F0135 /* KeyBindingDispatcher.swift */; };
		2C67001BE8159765D72AAA76 /* SyntaxColorMapTests.swift in Sources */ = {isa = PBXBuildFile; fileRef = E9AFE0628E390F064A0F5476 /* SyntaxColorMapTests.swift */; };
		2ECF8E0B40CD034F62AE3AB6 /* Carbon.framework in Frameworks */ = {isa = PBXBuildFile; fileRef = 7FAE7C81FD9BEE1D30BCF809 /* Carbon.framework */; };
		35B61853D56E1060ECD8923D /* InputBarHistoryController.swift in Sources */ = {isa = PBXBuildFile; fileRef = 4C1F323FA7FDDFD3E4A544A8 /* InputBarHistoryController.swift */; };
		37429BDCCFCD0878073F997A /* TerminalSessionTests.swift in Sources */ = {isa = PBXBuildFile; fileRef = 99905701CAB7B5AB4F5558C2 /* TerminalSessionTests.swift */; };
		382CB238251A357EA4EE3218 /* InputBarView.swift in Sources */ = {isa = PBXBuildFile; fileRef = D3964FA190864920EA9CB718 /* InputBarView.swift */; };
		3A9CB9669EA9FFC856BD0681 /* GhosttyConfigTests.swift in Sources */ = {isa = PBXBuildFile; fileRef = 388B787A886EB7129E51A67D /* GhosttyConfigTests.swift */; };
		3AFF98CD9A850B462ECF6743 /* InputBarHistoryControllerTests.swift in Sources */ = {isa = PBXBuildFile; fileRef = 43468B64F11255855055B63A /* InputBarHistoryControllerTests.swift */; };
		3C4D0617D38D2820033C25E8 /* TextStorage.swift in Sources */ = {isa = PBXBuildFile; fileRef = D118CDF87413CB215B414521 /* TextStorage.swift */; };
		3D72C5CAEC99162968379EB2 /* TesaraAppCommands.swift in Sources */ = {isa = PBXBuildFile; fileRef = 8393A786736D6332BB25DC07 /* TesaraAppCommands.swift */; };
		3EEE11C653E36FBD7149E9B0 /* CLikeTokenizerTests.swift in Sources */ = {isa = PBXBuildFile; fileRef = F964C1A41A90CF9F4FFD4D42 /* CLikeTokenizerTests.swift */; };
		406A4786F958C46D88472E0F /* TerminalBlockCaptureTests.swift in Sources */ = {isa = PBXBuildFile; fileRef = B9098467F6B5E13AF93A1ECD /* TerminalBlockCaptureTests.swift */; };
		4210A267A3E924FC287E3E71 /* GlyphAtlas.swift in Sources */ = {isa = PBXBuildFile; fileRef = FD687D9481D6B35B308BF99F /* GlyphAtlas.swift */; };
		480CC20DFE863BE9FB9DBE73 /* EditorShaders.metal in Sources */ = {isa = PBXBuildFile; fileRef = 4074C48037FD5CC3A1A36ED3 /* EditorShaders.metal */; };
		4D81B97C370955E3A0CEEBC5 /* FixedPitchFontPicker.swift in Sources */ = {isa = PBXBuildFile; fileRef = 1C6234624E5534716267294D /* FixedPitchFontPicker.swift */; };
		4E0D6A7833B8D0D29A262ADE /* SyntaxHighlighterTests.swift in Sources */ = {isa = PBXBuildFile; fileRef = C1ECA0C36B15092EB9B6D368 /* SyntaxHighlighterTests.swift */; };
		557CAC20FEDDC988A2A62617 /* GhosttyApp.swift in Sources */ = {isa = PBXBuildFile; fileRef = E0FB01095EFA9F4ABC5E58EC /* GhosttyApp.swift */; };
		5AA7A60643A0EC3F1EABDB83 /* QuartzCore.framework in Frameworks */ = {isa = PBXBuildFile; fileRef = 17813D398B505968462B467F /* QuartzCore.framework */; };
		5B230117551D0D8524F02002 /* GlyphCache.swift in Sources */ = {isa = PBXBuildFile; fileRef = 0C5CBA5E962136E2559C5185 /* GlyphCache.swift */; };
		67946EE861023962AF28FA7B /* GhosttySurfaceConfigTests.swift in Sources */ = {isa = PBXBuildFile; fileRef = 8BEFEA907D720F797090FCEE /* GhosttySurfaceConfigTests.swift */; };
		68D5579883F02571544A846D /* TerminalWorkspaceView.swift in Sources */ = {isa = PBXBuildFile; fileRef = EDDA22FF0E3CCF02CE8BCD05 /* TerminalWorkspaceView.swift */; };
		6AA10AC1A5725D9460FA0F8C /* IOSurface.framework in Frameworks */ = {isa = PBXBuildFile; fileRef = 1EE22681A74E38D510DFCDA3 /* IOSurface.framework */; };
		6AB4D491DF5F118108162EEA /* MainWindowView.swift in Sources */ = {isa = PBXBuildFile; fileRef = B8CF6564CD0AF8278F222619 /* MainWindowView.swift */; };
		6AF0589C77DB137229E55557 /* GRDB in Frameworks */ = {isa = PBXBuildFile; productRef = DF6EF21EAA4938CD8F036D14 /* GRDB */; };
		709751EB77B064BBA84FE7E3 /* EditorSession.swift in Sources */ = {isa = PBXBuildFile; fileRef = CB4D314057C9761952E8D5E8 /* EditorSession.swift */; };
		7670B2AA1436F65F63F74F82 /* VisualLineMapTests.swift in Sources */ = {isa = PBXBuildFile; fileRef = DFF93FE1D36161CBB3AAAC4C /* VisualLineMapTests.swift */; };
		79F0B4BD6843110ADF62D883 /* CheckForUpdatesView.swift in Sources */ = {isa = PBXBuildFile; fileRef = D87C2B989F7DF6FA07307499 /* CheckForUpdatesView.swift */; };
		7C4EC6EB70E96401AD27AFB9 /* SettingsStoreTests.swift in Sources */ = {isa = PBXBuildFile; fileRef = C0913B2DEDB933D3E3356B83 /* SettingsStoreTests.swift */; };
		81D353BEAF13304C4935B40F /* HistoryView.swift in Sources */ = {isa = PBXBuildFile; fileRef = E6D9B1F4149EB9724158875C /* HistoryView.swift */; };
		81F684B3EE723B89F0976D5E /* TerminalThemeTests.swift in Sources */ = {isa = PBXBuildFile; fileRef = 692291F83027B0F2F4CA76BF /* TerminalThemeTests.swift */; };
		861065493F8E969DF9419959 /* AppSettings.swift in Sources */ = {isa = PBXBuildFile; fileRef = 57A5490A849F9317664968E7 /* AppSettings.swift */; };
		8B4137DA33B84A8B3057E40F /* GhosttySurfaceView.swift in Sources */ = {isa = PBXBuildFile; fileRef = 139103356B0F22292C032A08 /* GhosttySurfaceView.swift */; };
		8BA932E6071B80EC1738CFF7 /* GhosttySurfaceConfig.swift in Sources */ = {isa = PBXBuildFile; fileRef = C22B629EF42855D98028F0C4 /* GhosttySurfaceConfig.swift */; };
		8BEFF95B8A28543324D86FDF /* EditorLayoutEngine.swift in Sources */ = {isa = PBXBuildFile; fileRef = 184475D4AC3B8EEBA142F5C1 /* EditorLayoutEngine.swift */; };
		8F50B109818FA08FF12D63F2 /* GlyphCacheTests.swift in Sources */ = {isa = PBXBuildFile; fileRef = F52B6FCC6732906AA75CFDBF /* GlyphCacheTests.swift */; };
		930B4A96AEFFBD8443B5EA71 /* ConfigFileTests.swift in Sources */ = {isa = PBXBuildFile; fileRef = 92F0C126DD5D57B46F0CB0C9 /* ConfigFileTests.swift */; };
		984A29B50C6127DD3BC92DB0 /* Metal.framework in Frameworks */ = {isa = PBXBuildFile; fileRef = F55C30259BAA845533624745 /* Metal.framework */; };
		98FA319CCB290CC39E9EEF73 /* TerminalTheme.swift in Sources */ = {isa = PBXBuildFile; fileRef = 9BB4D282162AFDF0A2DB5D51 /* TerminalTheme.swift */; };
		9A22FB60FD78BBD61FD29C64 /* EditorView.swift in Sources */ = {isa = PBXBuildFile; fileRef = BCD6A771A9CA384F7465BC3E /* EditorView.swift */; };
		9D2AA9AEBFD5CEEB5FED047D /* BlockStoreTests.swift in Sources */ = {isa = PBXBuildFile; fileRef = 5563A901A8F611AC6D01A419 /* BlockStoreTests.swift */; };
		9F58E3CCFC266817AA5F8732 /* WorkspaceManagerTests.swift in Sources */ = {isa = PBXBuildFile; fileRef = 17224DA6FD3857B58A8F2C64 /* WorkspaceManagerTests.swift */; };
		A138077D7D45D0ED5A1391B3 /* GlyphAtlasTests.swift in Sources */ = {isa = PBXBuildFile; fileRef = 570AAE7A2F968564CCF33133 /* GlyphAtlasTests.swift */; };
		A1B9ADD3A548C8869BDB3571 /* CLikeTokenizer.swift in Sources */ = {isa = PBXBuildFile; fileRef = E8805569BED45A6FDF45A54E /* CLikeTokenizer.swift */; };
		A5607FF9E3A43338204C259B /* GhosttySurfaceRepresentable.swift in Sources */ = {isa = PBXBuildFile; fileRef = CFFBF769DCCA796E1A27EF05 /* GhosttySurfaceRepresentable.swift */; };
		B4F68462773E6A1D220DA476 /* PaneDividerView.swift in Sources */ = {isa = PBXBuildFile; fileRef = 5B184B08FFBEE976991C8F22 /* PaneDividerView.swift */; };
		BD773D1042EF68102567BF4B /* WorkspaceManager.swift in Sources */ = {isa = PBXBuildFile; fileRef = 085DF302ED385DA3320C4E00 /* WorkspaceManager.swift */; };
		BDBC77980C44DF22A0C670BE /* EditorLayoutEngineTests.swift in Sources */ = {isa = PBXBuildFile; fileRef = 55C3D9E0E1A4305FC7BC9C6E /* EditorLayoutEngineTests.swift */; };
		BF3F8B3950CB544D24CA8525 /* TesaraTests.swift in Sources */ = {isa = PBXBuildFile; fileRef = F3E6DBF6FBE09F48C83448BD /* TesaraTests.swift */; };
		C417B502D1A9BDCFA7FE57CC /* TextStorageTests.swift in Sources */ = {isa = PBXBuildFile; fileRef = 21107043389C2E4E7598644C /* TextStorageTests.swift */; };
		C9FA15C125CD87815FF03CEC /* TesaraApp.swift in Sources */ = {isa = PBXBuildFile; fileRef = ED0F772A0E12C469683DBCB8 /* TesaraApp.swift */; };
		CC180D48B134574F5E21D4B4 /* PaneNode.swift in Sources */ = {isa = PBXBuildFile; fileRef = 36D96A4177859EA0D14FAFCB /* PaneNode.swift */; };
		D2063C61306CAAAB6D200037 /* EditorViewRepresentable.swift in Sources */ = {isa = PBXBuildFile; fileRef = 0DB575F7BA1E2254898EFE1C /* EditorViewRepresentable.swift */; };
		D3E51D8F5752833947C4E6E0 /* TerminalBlockCapture.swift in Sources */ = {isa = PBXBuildFile; fileRef = 735D7C1606ECD4D9128A5A44 /* TerminalBlockCapture.swift */; };
		D92C7A0446CBC7553B01AD55 /* PaneNodeTests.swift in Sources */ = {isa = PBXBuildFile; fileRef = 64F682A08A5ECC9A73792C74 /* PaneNodeTests.swift */; };
		DC4B28FCBE3C849D3766A101 /* TerminalSession.swift in Sources */ = {isa = PBXBuildFile; fileRef = D9ACBFEB7F97B6D7DB444D4F /* TerminalSession.swift */; };
		E397C2CD41B2D496D525E68C /* EditorSessionTests.swift in Sources */ = {isa = PBXBuildFile; fileRef = 64EFE681376FA0A5DDC2373C /* EditorSessionTests.swift */; };
		E48ACEC8A6297E02A8E8083A /* LocalLogStore.swift in Sources */ = {isa = PBXBuildFile; fileRef = 15BAB1F3E9696D3A5AC6E4AB /* LocalLogStore.swift */; };
		E8A2D26DBFD497C5D41188BC /* KeyRecorderView.swift in Sources */ = {isa = PBXBuildFile; fileRef = 80DFDAB12020672CD9BCD021 /* KeyRecorderView.swift */; };
		E9CC8D1BFE1AFC349433C4B4 /* TabBarView.swift in Sources */ = {isa = PBXBuildFile; fileRef = C43028483E4CE7E65A49B780 /* TabBarView.swift */; };
		E9D50CF099C3B9A71D415BF7 /* EditorRenderer.swift in Sources */ = {isa = PBXBuildFile; fileRef = 26ECE9C4FFC5F7D34E633F8D /* EditorRenderer.swift */; };
		EA98351C0BD53659BCAE0D5A /* IOKit.framework in Frameworks */ = {isa = PBXBuildFile; fileRef = 4696C2FAC81FD918FCF4CDCF /* IOKit.framework */; };
		EDC1E85DDAF298E3EA0D7E25 /* CoreGraphics.framework in Frameworks */ = {isa = PBXBuildFile; fileRef = 0A3302C81E3683C9C6F70DE2 /* CoreGraphics.framework */; };
		F227A4A268E498BF2908489A /* JSONTokenizer.swift in Sources */ = {isa = PBXBuildFile; fileRef = E39854B1C496305D79BACA62 /* JSONTokenizer.swift */; };
		F3A965F6F8A10320AB0FA888 /* CoreText.framework in Frameworks */ = {isa = PBXBuildFile; fileRef = 025C0C0CA0E7477A899440FC /* CoreText.framework */; };
		F450422C045AE78E7D5486FA /* SettingsOpenCoordinator.swift in Sources */ = {isa = PBXBuildFile; fileRef = 52DF67F11D839C0249AC4321 /* SettingsOpenCoordinator.swift */; };
		F75BBFA5351351FD98A4759A /* SyntaxHighlighter.swift in Sources */ = {isa = PBXBuildFile; fileRef = 924C14E8FC639F5AB09E6153 /* SyntaxHighlighter.swift */; };
		FA96111B4FCCEF18236CA364 /* TerminalIntegration in Resources */ = {isa = PBXBuildFile; fileRef = 2292F5BCC3AC767DAD9619D7 /* TerminalIntegration */; };
		AABB001122334455GHOSTTY01 /* GhosttyThemeLoader.swift in Sources */ = {isa = PBXBuildFile; fileRef = AABB001122334455GHOSTTY02 /* GhosttyThemeLoader.swift */; };
		AABB001122334455GHOSTTY03 /* GhosttyThemes in Resources */ = {isa = PBXBuildFile; fileRef = AABB001122334455GHOSTTY04 /* GhosttyThemes */; };
/* End PBXBuildFile section */

/* Begin PBXContainerItemProxy section */
		CE2E67B78F1FAB00B2796E0C /* PBXContainerItemProxy */ = {
			isa = PBXContainerItemProxy;
			containerPortal = 40DFEFB8F3E0E8AB2BCBBE4C /* Project object */;
			proxyType = 1;
			remoteGlobalIDString = F5D4C707C0FA0C0F03A19903;
			remoteInfo = Tesara;
		};
/* End PBXContainerItemProxy section */

/* Begin PBXFileReference section */
		025C0C0CA0E7477A899440FC /* CoreText.framework */ = {isa = PBXFileReference; lastKnownFileType = wrapper.framework; name = CoreText.framework; path = System/Library/Frameworks/CoreText.framework; sourceTree = SDKROOT; };
		0265AE3B30D51A6B57910DEB /* HistorySearchOverlayView.swift */ = {isa = PBXFileReference; lastKnownFileType = sourcecode.swift; path = HistorySearchOverlayView.swift; sourceTree = "<group>"; };
		085DF302ED385DA3320C4E00 /* WorkspaceManager.swift */ = {isa = PBXFileReference; lastKnownFileType = sourcecode.swift; path = WorkspaceManager.swift; sourceTree = "<group>"; };
		0A3302C81E3683C9C6F70DE2 /* CoreGraphics.framework */ = {isa = PBXFileReference; lastKnownFileType = wrapper.framework; name = CoreGraphics.framework; path = System/Library/Frameworks/CoreGraphics.framework; sourceTree = SDKROOT; };
		0C5CBA5E962136E2559C5185 /* GlyphCache.swift */ = {isa = PBXFileReference; lastKnownFileType = sourcecode.swift; path = GlyphCache.swift; sourceTree = "<group>"; };
		0DB575F7BA1E2254898EFE1C /* EditorViewRepresentable.swift */ = {isa = PBXFileReference; lastKnownFileType = sourcecode.swift; path = EditorViewRepresentable.swift; sourceTree = "<group>"; };
		139103356B0F22292C032A08 /* GhosttySurfaceView.swift */ = {isa = PBXFileReference; lastKnownFileType = sourcecode.swift; path = GhosttySurfaceView.swift; sourceTree = "<group>"; };
		14EF26BCCEF5BA7526FF28CB /* SyntaxColorMap.swift */ = {isa = PBXFileReference; lastKnownFileType = sourcecode.swift; path = SyntaxColorMap.swift; sourceTree = "<group>"; };
		15BAB1F3E9696D3A5AC6E4AB /* LocalLogStore.swift */ = {isa = PBXFileReference; lastKnownFileType = sourcecode.swift; path = LocalLogStore.swift; sourceTree = "<group>"; };
		17224DA6FD3857B58A8F2C64 /* WorkspaceManagerTests.swift */ = {isa = PBXFileReference; lastKnownFileType = sourcecode.swift; path = WorkspaceManagerTests.swift; sourceTree = "<group>"; };
		17813D398B505968462B467F /* QuartzCore.framework */ = {isa = PBXFileReference; lastKnownFileType = wrapper.framework; name = QuartzCore.framework; path = System/Library/Frameworks/QuartzCore.framework; sourceTree = SDKROOT; };
		17E46BFDCDCA182651723141 /* SettingsView.swift */ = {isa = PBXFileReference; lastKnownFileType = sourcecode.swift; path = SettingsView.swift; sourceTree = "<group>"; };
		17E46BFDAAEE0001BBBBB001 /* ThemePicker.swift */ = {isa = PBXFileReference; lastKnownFileType = sourcecode.swift; path = ThemePicker.swift; sourceTree = "<group>"; };
		184475D4AC3B8EEBA142F5C1 /* EditorLayoutEngine.swift */ = {isa = PBXFileReference; lastKnownFileType = sourcecode.swift; path = EditorLayoutEngine.swift; sourceTree = "<group>"; };
		194C23B007577944F607E3A3 /* CommandCaptureTests.swift */ = {isa = PBXFileReference; lastKnownFileType = sourcecode.swift; path = CommandCaptureTests.swift; sourceTree = "<group>"; };
		1C6234624E5534716267294D /* FixedPitchFontPicker.swift */ = {isa = PBXFileReference; lastKnownFileType = sourcecode.swift; path = FixedPitchFontPicker.swift; sourceTree = "<group>"; };
		1EE22681A74E38D510DFCDA3 /* IOSurface.framework */ = {isa = PBXFileReference; lastKnownFileType = wrapper.framework; name = IOSurface.framework; path = System/Library/Frameworks/IOSurface.framework; sourceTree = SDKROOT; };
		21107043389C2E4E7598644C /* TextStorageTests.swift */ = {isa = PBXFileReference; lastKnownFileType = sourcecode.swift; path = TextStorageTests.swift; sourceTree = "<group>"; };
		2292F5BCC3AC767DAD9619D7 /* TerminalIntegration */ = {isa = PBXFileReference; lastKnownFileType = folder; name = TerminalIntegration; path = Tesara/Resources/TerminalIntegration; sourceTree = SOURCE_ROOT; };
		AABB001122334455GHOSTTY02 /* GhosttyThemeLoader.swift */ = {isa = PBXFileReference; lastKnownFileType = sourcecode.swift; path = GhosttyThemeLoader.swift; sourceTree = "<group>"; };
		AABB001122334455GHOSTTY04 /* GhosttyThemes */ = {isa = PBXFileReference; lastKnownFileType = folder; name = GhosttyThemes; path = Tesara/Resources/GhosttyThemes; sourceTree = SOURCE_ROOT; };
		230B62F5C9074F2BEC567B40 /* Info.plist */ = {isa = PBXFileReference; lastKnownFileType = text.plist; path = Info.plist; sourceTree = "<group>"; };
		26ECE9C4FFC5F7D34E633F8D /* EditorRenderer.swift */ = {isa = PBXFileReference; lastKnownFileType = sourcecode.swift; path = EditorRenderer.swift; sourceTree = "<group>"; };
		2F5F36845B3552C4B30F0135 /* KeyBindingDispatcher.swift */ = {isa = PBXFileReference; lastKnownFileType = sourcecode.swift; path = KeyBindingDispatcher.swift; sourceTree = "<group>"; };
		36D96A4177859EA0D14FAFCB /* PaneNode.swift */ = {isa = PBXFileReference; lastKnownFileType = sourcecode.swift; path = PaneNode.swift; sourceTree = "<group>"; };
		388B787A886EB7129E51A67D /* GhosttyConfigTests.swift */ = {isa = PBXFileReference; lastKnownFileType = sourcecode.swift; path = GhosttyConfigTests.swift; sourceTree = "<group>"; };
		4074C48037FD5CC3A1A36ED3 /* EditorShaders.metal */ = {isa = PBXFileReference; lastKnownFileType = sourcecode.metal; path = EditorShaders.metal; sourceTree = "<group>"; };
		43468B64F11255855055B63A /* InputBarHistoryControllerTests.swift */ = {isa = PBXFileReference; lastKnownFileType = sourcecode.swift; path = InputBarHistoryControllerTests.swift; sourceTree = "<group>"; };
		44F9E6038E59B2766F11272E /* KeyBindingDispatcherTests.swift */ = {isa = PBXFileReference; lastKnownFileType = sourcecode.swift; path = KeyBindingDispatcherTests.swift; sourceTree = "<group>"; };
		4696C2FAC81FD918FCF4CDCF /* IOKit.framework */ = {isa = PBXFileReference; lastKnownFileType = wrapper.framework; name = IOKit.framework; path = System/Library/Frameworks/IOKit.framework; sourceTree = SDKROOT; };
		47AE7A424F00C8FA129FC9B7 /* Tesara-Bridging-Header.h */ = {isa = PBXFileReference; lastKnownFileType = sourcecode.c.h; path = "Tesara-Bridging-Header.h"; sourceTree = "<group>"; };
		4BA08886415B515EB410905D /* SettingsStore.swift */ = {isa = PBXFileReference; lastKnownFileType = sourcecode.swift; path = SettingsStore.swift; sourceTree = "<group>"; };
		4C1F323FA7FDDFD3E4A544A8 /* InputBarHistoryController.swift */ = {isa = PBXFileReference; lastKnownFileType = sourcecode.swift; path = InputBarHistoryController.swift; sourceTree = "<group>"; };
		52DF67F11D839C0249AC4321 /* SettingsOpenCoordinator.swift */ = {isa = PBXFileReference; lastKnownFileType = sourcecode.swift; path = SettingsOpenCoordinator.swift; sourceTree = "<group>"; };
		5563A901A8F611AC6D01A419 /* BlockStoreTests.swift */ = {isa = PBXFileReference; lastKnownFileType = sourcecode.swift; path = BlockStoreTests.swift; sourceTree = "<group>"; };
		55C3D9E0E1A4305FC7BC9C6E /* EditorLayoutEngineTests.swift */ = {isa = PBXFileReference; lastKnownFileType = sourcecode.swift; path = EditorLayoutEngineTests.swift; sourceTree = "<group>"; };
		570AAE7A2F968564CCF33133 /* GlyphAtlasTests.swift */ = {isa = PBXFileReference; lastKnownFileType = sourcecode.swift; path = GlyphAtlasTests.swift; sourceTree = "<group>"; };
		57A5490A849F9317664968E7 /* AppSettings.swift */ = {isa = PBXFileReference; lastKnownFileType = sourcecode.swift; path = AppSettings.swift; sourceTree = "<group>"; };
		57E292C9A04F867FABB9662E /* PaneContainerView.swift */ = {isa = PBXFileReference; lastKnownFileType = sourcecode.swift; path = PaneContainerView.swift; sourceTree = "<group>"; };
		58B4C6D2A1E3F790843D5B26 /* PaneHeaderView.swift */ = {isa = PBXFileReference; lastKnownFileType = sourcecode.swift; path = PaneHeaderView.swift; sourceTree = "<group>"; };
		58B4C6D2A1E3F790843D5B27 /* PaneDragState.swift */ = {isa = PBXFileReference; lastKnownFileType = sourcecode.swift; path = PaneDragState.swift; sourceTree = "<group>"; };
		5B184B08FFBEE976991C8F22 /* PaneDividerView.swift */ = {isa = PBXFileReference; lastKnownFileType = sourcecode.swift; path = PaneDividerView.swift; sourceTree = "<group>"; };
		64EFE681376FA0A5DDC2373C /* EditorSessionTests.swift */ = {isa = PBXFileReference; lastKnownFileType = sourcecode.swift; path = EditorSessionTests.swift; sourceTree = "<group>"; };
		64F682A08A5ECC9A73792C74 /* PaneNodeTests.swift */ = {isa = PBXFileReference; lastKnownFileType = sourcecode.swift; path = PaneNodeTests.swift; sourceTree = "<group>"; };
		692291F83027B0F2F4CA76BF /* TerminalThemeTests.swift */ = {isa = PBXFileReference; lastKnownFileType = sourcecode.swift; path = TerminalThemeTests.swift; sourceTree = "<group>"; };
		6C11B2123603104BFA909CD4 /* GhosttyInputTests.swift */ = {isa = PBXFileReference; lastKnownFileType = sourcecode.swift; path = GhosttyInputTests.swift; sourceTree = "<group>"; };
		6C880ADE2985F2564FE074A9 /* GhosttyInput.swift */ = {isa = PBXFileReference; lastKnownFileType = sourcecode.swift; path = GhosttyInput.swift; sourceTree = "<group>"; };
		6F327F83FF7CD1A1B4166DD1 /* FixedPitchFontLibraryTests.swift */ = {isa = PBXFileReference; lastKnownFileType = sourcecode.swift; path = FixedPitchFontLibraryTests.swift; sourceTree = "<group>"; };
		701EC8B00AF61720A7DECCDE /* EditorFileIOTests.swift */ = {isa = PBXFileReference; lastKnownFileType = sourcecode.swift; path = EditorFileIOTests.swift; sourceTree = "<group>"; };
		735D7C1606ECD4D9128A5A44 /* TerminalBlockCapture.swift */ = {isa = PBXFileReference; lastKnownFileType = sourcecode.swift; path = TerminalBlockCapture.swift; sourceTree = "<group>"; };
		7FAE7C81FD9BEE1D30BCF809 /* Carbon.framework */ = {isa = PBXFileReference; lastKnownFileType = wrapper.framework; name = Carbon.framework; path = System/Library/Frameworks/Carbon.framework; sourceTree = SDKROOT; };
		80DFDAB12020672CD9BCD021 /* KeyRecorderView.swift */ = {isa = PBXFileReference; lastKnownFileType = sourcecode.swift; path = KeyRecorderView.swift; sourceTree = "<group>"; };
		82D7963110E1A9AC988CD6C8 /* JSONTokenizerTests.swift */ = {isa = PBXFileReference; lastKnownFileType = sourcecode.swift; path = JSONTokenizerTests.swift; sourceTree = "<group>"; };
		8393A786736D6332BB25DC07 /* TesaraAppCommands.swift */ = {isa = PBXFileReference; lastKnownFileType = sourcecode.swift; path = TesaraAppCommands.swift; sourceTree = "<group>"; };
		8BEFEA907D720F797090FCEE /* GhosttySurfaceConfigTests.swift */ = {isa = PBXFileReference; lastKnownFileType = sourcecode.swift; path = GhosttySurfaceConfigTests.swift; sourceTree = "<group>"; };
		924C14E8FC639F5AB09E6153 /* SyntaxHighlighter.swift */ = {isa = PBXFileReference; lastKnownFileType = sourcecode.swift; path = SyntaxHighlighter.swift; sourceTree = "<group>"; };
		92F0C126DD5D57B46F0CB0C9 /* ConfigFileTests.swift */ = {isa = PBXFileReference; lastKnownFileType = sourcecode.swift; path = ConfigFileTests.swift; sourceTree = "<group>"; };
		99905701CAB7B5AB4F5558C2 /* TerminalSessionTests.swift */ = {isa = PBXFileReference; lastKnownFileType = sourcecode.swift; path = TerminalSessionTests.swift; sourceTree = "<group>"; };
		9BB4D282162AFDF0A2DB5D51 /* TerminalTheme.swift */ = {isa = PBXFileReference; lastKnownFileType = sourcecode.swift; path = TerminalTheme.swift; sourceTree = "<group>"; };
		B8C0E5566A3C23FA6CFC0EB2 /* BuiltInTheme.swift */ = {isa = PBXFileReference; lastKnownFileType = sourcecode.swift; path = BuiltInTheme.swift; sourceTree = "<group>"; };
		B8CF6564CD0AF8278F222619 /* MainWindowView.swift */ = {isa = PBXFileReference; lastKnownFileType = sourcecode.swift; path = MainWindowView.swift; sourceTree = "<group>"; };
		B9098467F6B5E13AF93A1ECD /* TerminalBlockCaptureTests.swift */ = {isa = PBXFileReference; lastKnownFileType = sourcecode.swift; path = TerminalBlockCaptureTests.swift; sourceTree = "<group>"; };
		BC8A5E83190F2BE454002AF3 /* PerformanceBenchmarkTests.swift */ = {isa = PBXFileReference; lastKnownFileType = sourcecode.swift; path = PerformanceBenchmarkTests.swift; sourceTree = "<group>"; };
		BCD6A771A9CA384F7465BC3E /* EditorView.swift */ = {isa = PBXFileReference; lastKnownFileType = sourcecode.swift; path = EditorView.swift; sourceTree = "<group>"; };
		BF1B9F8F03276266294D2F0B /* ConfigFile.swift */ = {isa = PBXFileReference; lastKnownFileType = sourcecode.swift; path = ConfigFile.swift; sourceTree = "<group>"; };
		C0913B2DEDB933D3E3356B83 /* SettingsStoreTests.swift */ = {isa = PBXFileReference; lastKnownFileType = sourcecode.swift; path = SettingsStoreTests.swift; sourceTree = "<group>"; };
		C0A422BFC855684762B34843 /* Tesara.entitlements */ = {isa = PBXFileReference; lastKnownFileType = text.plist.entitlements; path = Tesara.entitlements; sourceTree = "<group>"; };
		C1ECA0C36B15092EB9B6D368 /* SyntaxHighlighterTests.swift */ = {isa = PBXFileReference; lastKnownFileType = sourcecode.swift; path = SyntaxHighlighterTests.swift; sourceTree = "<group>"; };
		C22B629EF42855D98028F0C4 /* GhosttySurfaceConfig.swift */ = {isa = PBXFileReference; lastKnownFileType = sourcecode.swift; path = GhosttySurfaceConfig.swift; sourceTree = "<group>"; };
		C43028483E4CE7E65A49B780 /* TabBarView.swift */ = {isa = PBXFileReference; lastKnownFileType = sourcecode.swift; path = TabBarView.swift; sourceTree = "<group>"; };
		C6C01AC8A2526A1108FCC5E8 /* Tesara.app */ = {isa = PBXFileReference; explicitFileType = wrapper.application; includeInIndex = 0; path = Tesara.app; sourceTree = BUILT_PRODUCTS_DIR; };
		CB4D314057C9761952E8D5E8 /* EditorSession.swift */ = {isa = PBXFileReference; lastKnownFileType = sourcecode.swift; path = EditorSession.swift; sourceTree = "<group>"; };
		CFFBF769DCCA796E1A27EF05 /* GhosttySurfaceRepresentable.swift */ = {isa = PBXFileReference; lastKnownFileType = sourcecode.swift; path = GhosttySurfaceRepresentable.swift; sourceTree = "<group>"; };
		D118CDF87413CB215B414521 /* TextStorage.swift */ = {isa = PBXFileReference; lastKnownFileType = sourcecode.swift; path = TextStorage.swift; sourceTree = "<group>"; };
		D3964FA190864920EA9CB718 /* InputBarView.swift */ = {isa = PBXFileReference; lastKnownFileType = sourcecode.swift; path = InputBarView.swift; sourceTree = "<group>"; };
		D87C2B989F7DF6FA07307499 /* CheckForUpdatesView.swift */ = {isa = PBXFileReference; lastKnownFileType = sourcecode.swift; path = CheckForUpdatesView.swift; sourceTree = "<group>"; };
		D89D726E46FBCEF09C9F3737 /* BlockStore.swift */ = {isa = PBXFileReference; lastKnownFileType = sourcecode.swift; path = BlockStore.swift; sourceTree = "<group>"; };
		D9ACBFEB7F97B6D7DB444D4F /* TerminalSession.swift */ = {isa = PBXFileReference; lastKnownFileType = sourcecode.swift; path = TerminalSession.swift; sourceTree = "<group>"; };
		DFF93FE1D36161CBB3AAAC4C /* VisualLineMapTests.swift */ = {isa = PBXFileReference; lastKnownFileType = sourcecode.swift; path = VisualLineMapTests.swift; sourceTree = "<group>"; };
		E0FB01095EFA9F4ABC5E58EC /* GhosttyApp.swift */ = {isa = PBXFileReference; lastKnownFileType = sourcecode.swift; path = GhosttyApp.swift; sourceTree = "<group>"; };
		E39854B1C496305D79BACA62 /* JSONTokenizer.swift */ = {isa = PBXFileReference; lastKnownFileType = sourcecode.swift; path = JSONTokenizer.swift; sourceTree = "<group>"; };
		E6D9B1F4149EB9724158875C /* HistoryView.swift */ = {isa = PBXFileReference; lastKnownFileType = sourcecode.swift; path = HistoryView.swift; sourceTree = "<group>"; };
		E8805569BED45A6FDF45A54E /* CLikeTokenizer.swift */ = {isa = PBXFileReference; lastKnownFileType = sourcecode.swift; path = CLikeTokenizer.swift; sourceTree = "<group>"; };
		E9AFE0628E390F064A0F5476 /* SyntaxColorMapTests.swift */ = {isa = PBXFileReference; lastKnownFileType = sourcecode.swift; path = SyntaxColorMapTests.swift; sourceTree = "<group>"; };
		ED0F772A0E12C469683DBCB8 /* TesaraApp.swift */ = {isa = PBXFileReference; lastKnownFileType = sourcecode.swift; path = TesaraApp.swift; sourceTree = "<group>"; };
		EDDA22FF0E3CCF02CE8BCD05 /* TerminalWorkspaceView.swift */ = {isa = PBXFileReference; lastKnownFileType = sourcecode.swift; path = TerminalWorkspaceView.swift; sourceTree = "<group>"; };
		F3E6DBF6FBE09F48C83448BD /* TesaraTests.swift */ = {isa = PBXFileReference; lastKnownFileType = sourcecode.swift; path = TesaraTests.swift; sourceTree = "<group>"; };
		F52B6FCC6732906AA75CFDBF /* GlyphCacheTests.swift */ = {isa = PBXFileReference; lastKnownFileType = sourcecode.swift; path = GlyphCacheTests.swift; sourceTree = "<group>"; };
		F55C30259BAA845533624745 /* Metal.framework */ = {isa = PBXFileReference; lastKnownFileType = wrapper.framework; name = Metal.framework; path = System/Library/Frameworks/Metal.framework; sourceTree = SDKROOT; };
		F7D656612F1AA5C6D7C0A0F2 /* TesaraTests.xctest */ = {isa = PBXFileReference; explicitFileType = wrapper.cfbundle; includeInIndex = 0; path = TesaraTests.xctest; sourceTree = BUILT_PRODUCTS_DIR; };
		F964C1A41A90CF9F4FFD4D42 /* CLikeTokenizerTests.swift */ = {isa = PBXFileReference; lastKnownFileType = sourcecode.swift; path = CLikeTokenizerTests.swift; sourceTree = "<group>"; };
		FD687D9481D6B35B308BF99F /* GlyphAtlas.swift */ = {isa = PBXFileReference; lastKnownFileType = sourcecode.swift; path = GlyphAtlas.swift; sourceTree = "<group>"; };
		FF7543B634720042FBCD3C12 /* GhosttyConfig.swift */ = {isa = PBXFileReference; lastKnownFileType = sourcecode.swift; path = GhosttyConfig.swift; sourceTree = "<group>"; };
/* End PBXFileReference section */

/* Begin PBXFrameworksBuildPhase section */
		B0AE7EA6A42600C37E7ACDBB /* Frameworks */ = {
			isa = PBXFrameworksBuildPhase;
			buildActionMask = 2147483647;
			files = (
				6AF0589C77DB137229E55557 /* GRDB in Frameworks */,
				0FAC866DE2F0E11344222CC0 /* Sparkle in Frameworks */,
				984A29B50C6127DD3BC92DB0 /* Metal.framework in Frameworks */,
				5AA7A60643A0EC3F1EABDB83 /* QuartzCore.framework in Frameworks */,
				F3A965F6F8A10320AB0FA888 /* CoreText.framework in Frameworks */,
				EDC1E85DDAF298E3EA0D7E25 /* CoreGraphics.framework in Frameworks */,
				6AA10AC1A5725D9460FA0F8C /* IOSurface.framework in Frameworks */,
				EA98351C0BD53659BCAE0D5A /* IOKit.framework in Frameworks */,
				2ECF8E0B40CD034F62AE3AB6 /* Carbon.framework in Frameworks */,
			);
			runOnlyForDeploymentPostprocessing = 0;
		};
/* End PBXFrameworksBuildPhase section */

/* Begin PBXGroup section */
		30D8D5849454AFEF1900DF9A /* Theme */ = {
			isa = PBXGroup;
			children = (
				B8C0E5566A3C23FA6CFC0EB2 /* BuiltInTheme.swift */,
				AABB001122334455GHOSTTY02 /* GhosttyThemeLoader.swift */,
				9BB4D282162AFDF0A2DB5D51 /* TerminalTheme.swift */,
			);
			path = Theme;
			sourceTree = "<group>";
		};
		34B833143B10337A33E2F84D /* Products */ = {
			isa = PBXGroup;
			children = (
				C6C01AC8A2526A1108FCC5E8 /* Tesara.app */,
				F7D656612F1AA5C6D7C0A0F2 /* TesaraTests.xctest */,
			);
			name = Products;
			sourceTree = "<group>";
		};
		5943DB594FC73579D8E90FD1 /* History */ = {
			isa = PBXGroup;
			children = (
				D89D726E46FBCEF09C9F3737 /* BlockStore.swift */,
				E6D9B1F4149EB9724158875C /* HistoryView.swift */,
				735D7C1606ECD4D9128A5A44 /* TerminalBlockCapture.swift */,
			);
			path = History;
			sourceTree = "<group>";
		};
		6B95A204B4BC8E7AADC76CD0 /* App */ = {
			isa = PBXGroup;
			children = (
				D87C2B989F7DF6FA07307499 /* CheckForUpdatesView.swift */,
				2F5F36845B3552C4B30F0135 /* KeyBindingDispatcher.swift */,
				52DF67F11D839C0249AC4321 /* SettingsOpenCoordinator.swift */,
				8393A786736D6332BB25DC07 /* TesaraAppCommands.swift */,
			);
			path = App;
			sourceTree = "<group>";
		};
		816F933F69EF3B4E7AA97E60 /* Editor */ = {
			isa = PBXGroup;
			children = (
				E8805569BED45A6FDF45A54E /* CLikeTokenizer.swift */,
				184475D4AC3B8EEBA142F5C1 /* EditorLayoutEngine.swift */,
				26ECE9C4FFC5F7D34E633F8D /* EditorRenderer.swift */,
				CB4D314057C9761952E8D5E8 /* EditorSession.swift */,
				4074C48037FD5CC3A1A36ED3 /* EditorShaders.metal */,
				BCD6A771A9CA384F7465BC3E /* EditorView.swift */,
				0DB575F7BA1E2254898EFE1C /* EditorViewRepresentable.swift */,
				FD687D9481D6B35B308BF99F /* GlyphAtlas.swift */,
				0C5CBA5E962136E2559C5185 /* GlyphCache.swift */,
				E39854B1C496305D79BACA62 /* JSONTokenizer.swift */,
				14EF26BCCEF5BA7526FF28CB /* SyntaxColorMap.swift */,
				924C14E8FC639F5AB09E6153 /* SyntaxHighlighter.swift */,
				D118CDF87413CB215B414521 /* TextStorage.swift */,
			);
			path = Editor;
			sourceTree = "<group>";
		};
		B8310EA6C3B0E6E650C8A075 /* Settings */ = {
			isa = PBXGroup;
			children = (
				57A5490A849F9317664968E7 /* AppSettings.swift */,
				BF1B9F8F03276266294D2F0B /* ConfigFile.swift */,
				1C6234624E5534716267294D /* FixedPitchFontPicker.swift */,
				80DFDAB12020672CD9BCD021 /* KeyRecorderView.swift */,
				15BAB1F3E9696D3A5AC6E4AB /* LocalLogStore.swift */,
				4BA08886415B515EB410905D /* SettingsStore.swift */,
				17E46BFDCDCA182651723141 /* SettingsView.swift */,
				17E46BFDAAEE0001BBBBB001 /* ThemePicker.swift */,
			);
			path = Settings;
			sourceTree = "<group>";
		};
		C2D544A7AD3135CE00E10F2F /* Tesara */ = {
			isa = PBXGroup;
			children = (
				230B62F5C9074F2BEC567B40 /* Info.plist */,
				B8CF6564CD0AF8278F222619 /* MainWindowView.swift */,
				47AE7A424F00C8FA129FC9B7 /* Tesara-Bridging-Header.h */,
				C0A422BFC855684762B34843 /* Tesara.entitlements */,
				ED0F772A0E12C469683DBCB8 /* TesaraApp.swift */,
				6B95A204B4BC8E7AADC76CD0 /* App */,
				816F933F69EF3B4E7AA97E60 /* Editor */,
				EFAD21C5DB576774E4949687 /* Ghostty */,
				5943DB594FC73579D8E90FD1 /* History */,
				B8310EA6C3B0E6E650C8A075 /* Settings */,
				DAF7F752BD488515A0DA51E4 /* Terminal */,
				30D8D5849454AFEF1900DF9A /* Theme */,
			);
			path = Tesara;
			sourceTree = "<group>";
		};
		D2FD19F036CF21642B166830 = {
			isa = PBXGroup;
			children = (
				AABB001122334455GHOSTTY04 /* GhosttyThemes */,
				2292F5BCC3AC767DAD9619D7 /* TerminalIntegration */,
				C2D544A7AD3135CE00E10F2F /* Tesara */,
				DD4AAB2F3096D1C59637D82F /* TesaraTests */,
				D460DB315892E713AA8BCD8A /* Frameworks */,
				34B833143B10337A33E2F84D /* Products */,
			);
			sourceTree = "<group>";
		};
		D460DB315892E713AA8BCD8A /* Frameworks */ = {
			isa = PBXGroup;
			children = (
				7FAE7C81FD9BEE1D30BCF809 /* Carbon.framework */,
				0A3302C81E3683C9C6F70DE2 /* CoreGraphics.framework */,
				025C0C0CA0E7477A899440FC /* CoreText.framework */,
				4696C2FAC81FD918FCF4CDCF /* IOKit.framework */,
				1EE22681A74E38D510DFCDA3 /* IOSurface.framework */,
				F55C30259BAA845533624745 /* Metal.framework */,
				17813D398B505968462B467F /* QuartzCore.framework */,
			);
			name = Frameworks;
			sourceTree = "<group>";
		};
		DAF7F752BD488515A0DA51E4 /* Terminal */ = {
			isa = PBXGroup;
			children = (
				0265AE3B30D51A6B57910DEB /* HistorySearchOverlayView.swift */,
				4C1F323FA7FDDFD3E4A544A8 /* InputBarHistoryController.swift */,
				D3964FA190864920EA9CB718 /* InputBarView.swift */,
				57E292C9A04F867FABB9662E /* PaneContainerView.swift */,
				5B184B08FFBEE976991C8F22 /* PaneDividerView.swift */,
				58B4C6D2A1E3F790843D5B27 /* PaneDragState.swift */,
				58B4C6D2A1E3F790843D5B26 /* PaneHeaderView.swift */,
				36D96A4177859EA0D14FAFCB /* PaneNode.swift */,
				C43028483E4CE7E65A49B780 /* TabBarView.swift */,
				D9ACBFEB7F97B6D7DB444D4F /* TerminalSession.swift */,
				EDDA22FF0E3CCF02CE8BCD05 /* TerminalWorkspaceView.swift */,
				085DF302ED385DA3320C4E00 /* WorkspaceManager.swift */,
			);
			path = Terminal;
			sourceTree = "<group>";
		};
		DD4AAB2F3096D1C59637D82F /* TesaraTests */ = {
			isa = PBXGroup;
			children = (
				5563A901A8F611AC6D01A419 /* BlockStoreTests.swift */,
				F964C1A41A90CF9F4FFD4D42 /* CLikeTokenizerTests.swift */,
				194C23B007577944F607E3A3 /* CommandCaptureTests.swift */,
				92F0C126DD5D57B46F0CB0C9 /* ConfigFileTests.swift */,
				701EC8B00AF61720A7DECCDE /* EditorFileIOTests.swift */,
				55C3D9E0E1A4305FC7BC9C6E /* EditorLayoutEngineTests.swift */,
				64EFE681376FA0A5DDC2373C /* EditorSessionTests.swift */,
				6F327F83FF7CD1A1B4166DD1 /* FixedPitchFontLibraryTests.swift */,
				388B787A886EB7129E51A67D /* GhosttyConfigTests.swift */,
				6C11B2123603104BFA909CD4 /* GhosttyInputTests.swift */,
				8BEFEA907D720F797090FCEE /* GhosttySurfaceConfigTests.swift */,
				570AAE7A2F968564CCF33133 /* GlyphAtlasTests.swift */,
				F52B6FCC6732906AA75CFDBF /* GlyphCacheTests.swift */,
				43468B64F11255855055B63A /* InputBarHistoryControllerTests.swift */,
				82D7963110E1A9AC988CD6C8 /* JSONTokenizerTests.swift */,
				44F9E6038E59B2766F11272E /* KeyBindingDispatcherTests.swift */,
				64F682A08A5ECC9A73792C74 /* PaneNodeTests.swift */,
				BC8A5E83190F2BE454002AF3 /* PerformanceBenchmarkTests.swift */,
				C0913B2DEDB933D3E3356B83 /* SettingsStoreTests.swift */,
				E9AFE0628E390F064A0F5476 /* SyntaxColorMapTests.swift */,
				C1ECA0C36B15092EB9B6D368 /* SyntaxHighlighterTests.swift */,
				B9098467F6B5E13AF93A1ECD /* TerminalBlockCaptureTests.swift */,
				99905701CAB7B5AB4F5558C2 /* TerminalSessionTests.swift */,
				692291F83027B0F2F4CA76BF /* TerminalThemeTests.swift */,
				F3E6DBF6FBE09F48C83448BD /* TesaraTests.swift */,
				21107043389C2E4E7598644C /* TextStorageTests.swift */,
				DFF93FE1D36161CBB3AAAC4C /* VisualLineMapTests.swift */,
				17224DA6FD3857B58A8F2C64 /* WorkspaceManagerTests.swift */,
			);
			path = TesaraTests;
			sourceTree = "<group>";
		};
		EFAD21C5DB576774E4949687 /* Ghostty */ = {
			isa = PBXGroup;
			children = (
				E0FB01095EFA9F4ABC5E58EC /* GhosttyApp.swift */,
				FF7543B634720042FBCD3C12 /* GhosttyConfig.swift */,
				6C880ADE2985F2564FE074A9 /* GhosttyInput.swift */,
				C22B629EF42855D98028F0C4 /* GhosttySurfaceConfig.swift */,
				CFFBF769DCCA796E1A27EF05 /* GhosttySurfaceRepresentable.swift */,
				139103356B0F22292C032A08 /* GhosttySurfaceView.swift */,
			);
			path = Ghostty;
			sourceTree = "<group>";
		};
/* End PBXGroup section */

/* Begin PBXNativeTarget section */
		5C14A70B34F853FC4C34AC20 /* TesaraTests */ = {
			isa = PBXNativeTarget;
			buildConfigurationList = 134222DDD2C39C20419F3B06 /* Build configuration list for PBXNativeTarget "TesaraTests" */;
			buildPhases = (
				FDA3BEFE064F3683B6884233 /* Sources */,
			);
			buildRules = (
			);
			dependencies = (
				E6ED6625163B7059381435DC /* PBXTargetDependency */,
			);
			name = TesaraTests;
			packageProductDependencies = (
			);
			productName = TesaraTests;
			productReference = F7D656612F1AA5C6D7C0A0F2 /* TesaraTests.xctest */;
			productType = "com.apple.product-type.bundle.unit-test";
		};
		F5D4C707C0FA0C0F03A19903 /* Tesara */ = {
			isa = PBXNativeTarget;
			buildConfigurationList = B7993B1D1E2EB56146B2D3AB /* Build configuration list for PBXNativeTarget "Tesara" */;
			buildPhases = (
				292D9A847560F2E0416FC7D8 /* Build libghostty */,
				745D21EE4A597C4AC195D588 /* Sources */,
				77B56804943EAF1DBB18B234 /* Resources */,
				B0AE7EA6A42600C37E7ACDBB /* Frameworks */,
			);
			buildRules = (
			);
			dependencies = (
			);
			name = Tesara;
			packageProductDependencies = (
				DF6EF21EAA4938CD8F036D14 /* GRDB */,
				4914B0341A868631C86F9855 /* Sparkle */,
			);
			productName = Tesara;
			productReference = C6C01AC8A2526A1108FCC5E8 /* Tesara.app */;
			productType = "com.apple.product-type.application";
		};
/* End PBXNativeTarget section */

/* Begin PBXProject section */
		40DFEFB8F3E0E8AB2BCBBE4C /* Project object */ = {
			isa = PBXProject;
			attributes = {
				BuildIndependentTargetsInParallel = YES;
				LastUpgradeCheck = 1430;
				TargetAttributes = {
					5C14A70B34F853FC4C34AC20 = {
						DevelopmentTeam = 9ZLX6W79P6;
					};
					F5D4C707C0FA0C0F03A19903 = {
						DevelopmentTeam = 9ZLX6W79P6;
						ProvisioningStyle = Automatic;
					};
				};
			};
			buildConfigurationList = 73887118A57C3463CDB07105 /* Build configuration list for PBXProject "Tesara" */;
			developmentRegion = en;
			hasScannedForEncodings = 0;
			knownRegions = (
				Base,
				en,
			);
			mainGroup = D2FD19F036CF21642B166830;
			minimizedProjectReferenceProxies = 1;
			packageReferences = (
				26DC779BA1E4C2E6C4A2D4AC /* XCRemoteSwiftPackageReference "GRDB.swift" */,
				EC0C3F65CF77043DFD36796D /* XCRemoteSwiftPackageReference "Sparkle" */,
			);
			preferredProjectObjectVersion = 77;
			productRefGroup = 34B833143B10337A33E2F84D /* Products */;
			projectDirPath = "";
			projectRoot = "";
			targets = (
				F5D4C707C0FA0C0F03A19903 /* Tesara */,
				5C14A70B34F853FC4C34AC20 /* TesaraTests */,
			);
		};
/* End PBXProject section */

/* Begin PBXResourcesBuildPhase section */
		77B56804943EAF1DBB18B234 /* Resources */ = {
			isa = PBXResourcesBuildPhase;
			buildActionMask = 2147483647;
			files = (
				AABB001122334455GHOSTTY03 /* GhosttyThemes in Resources */,
				FA96111B4FCCEF18236CA364 /* TerminalIntegration in Resources */,
			);
			runOnlyForDeploymentPostprocessing = 0;
		};
/* End PBXResourcesBuildPhase section */

/* Begin PBXShellScriptBuildPhase section */
		292D9A847560F2E0416FC7D8 /* Build libghostty */ = {
			isa = PBXShellScriptBuildPhase;
			buildActionMask = 2147483647;
			files = (
			);
			inputFileListPaths = (
			);
			inputPaths = (
			);
			name = "Build libghostty";
			outputFileListPaths = (
			);
			outputPaths = (
				"$(SRCROOT)/vendor/ghostty/zig-out/lib/libghostty.a",
			);
			runOnlyForDeploymentPostprocessing = 0;
			shellPath = /bin/sh;
			shellScript = "set -euo pipefail\nEXPECTED_ZIG=$(cat \"$SRCROOT/.zig-version\" | tr -d '[:space:]')\nif [ -z \"$EXPECTED_ZIG\" ]; then\n  echo \"error: .zig-version is empty or missing\"\n  exit 1\nfi\nZIG=$(command -v zig || echo \"/opt/homebrew/bin/zig\")\nif [ ! -x \"$ZIG\" ]; then\n  echo \"error: Zig not found. Install $EXPECTED_ZIG with: brew install zig\"\n  exit 1\nfi\nACTUAL_ZIG=$(\"$ZIG\" version)\nif [ \"$ACTUAL_ZIG\" != \"$EXPECTED_ZIG\" ]; then\n  echo \"error: Zig version mismatch: expected $EXPECTED_ZIG, found $ACTUAL_ZIG\"\n  exit 1\nfi\ncd \"$SRCROOT/vendor/ghostty\"\nPATCH=\"$SRCROOT/vendor/patches/ghostty-build.patch\"\nif git apply --check \"$PATCH\" 2>/dev/null; then\n  git apply \"$PATCH\"\nfi\n\"$ZIG\" build -Doptimize=ReleaseFast -Dapp-runtime=none -Demit-xcframework=false\n";
		};
/* End PBXShellScriptBuildPhase section */

/* Begin PBXSourcesBuildPhase section */
		745D21EE4A597C4AC195D588 /* Sources */ = {
			isa = PBXSourcesBuildPhase;
			buildActionMask = 2147483647;
			files = (
				861065493F8E969DF9419959 /* AppSettings.swift in Sources */,
				1D208652A6CF443FFD84D919 /* BlockStore.swift in Sources */,
				28AA7C7CF64F0DE82AA98573 /* BuiltInTheme.swift in Sources */,
				A1B9ADD3A548C8869BDB3571 /* CLikeTokenizer.swift in Sources */,
				79F0B4BD6843110ADF62D883 /* CheckForUpdatesView.swift in Sources */,
				18519D4339772CD5A30CCECA /* ConfigFile.swift in Sources */,
				8BEFF95B8A28543324D86FDF /* EditorLayoutEngine.swift in Sources */,
				E9D50CF099C3B9A71D415BF7 /* EditorRenderer.swift in Sources */,
				709751EB77B064BBA84FE7E3 /* EditorSession.swift in Sources */,
				480CC20DFE863BE9FB9DBE73 /* EditorShaders.metal in Sources */,
				9A22FB60FD78BBD61FD29C64 /* EditorView.swift in Sources */,
				D2063C61306CAAAB6D200037 /* EditorViewRepresentable.swift in Sources */,
				4D81B97C370955E3A0CEEBC5 /* FixedPitchFontPicker.swift in Sources */,
				557CAC20FEDDC988A2A62617 /* GhosttyApp.swift in Sources */,
				20E83390D91A14BBAFD615CC /* GhosttyConfig.swift in Sources */,
				AABB001122334455GHOSTTY01 /* GhosttyThemeLoader.swift in Sources */,
				04C5D01461574B2DC70B2976 /* GhosttyInput.swift in Sources */,
				8BA932E6071B80EC1738CFF7 /* GhosttySurfaceConfig.swift in Sources */,
				A5607FF9E3A43338204C259B /* GhosttySurfaceRepresentable.swift in Sources */,
				8B4137DA33B84A8B3057E40F /* GhosttySurfaceView.swift in Sources */,
				4210A267A3E924FC287E3E71 /* GlyphAtlas.swift in Sources */,
				5B230117551D0D8524F02002 /* GlyphCache.swift in Sources */,
				222EC9F7F53F29D795F54208 /* HistorySearchOverlayView.swift in Sources */,
				81D353BEAF13304C4935B40F /* HistoryView.swift in Sources */,
				35B61853D56E1060ECD8923D /* InputBarHistoryController.swift in Sources */,
				382CB238251A357EA4EE3218 /* InputBarView.swift in Sources */,
				F227A4A268E498BF2908489A /* JSONTokenizer.swift in Sources */,
				29FFF216B814B9550F6C6BB8 /* KeyBindingDispatcher.swift in Sources */,
				E8A2D26DBFD497C5D41188BC /* KeyRecorderView.swift in Sources */,
				E48ACEC8A6297E02A8E8083A /* LocalLogStore.swift in Sources */,
				6AB4D491DF5F118108162EEA /* MainWindowView.swift in Sources */,
				17A1E6F4A360BF5C97590C6E /* PaneContainerView.swift in Sources */,
				1A3F5B7D9E2C4A8071F6BE51 /* PaneDragState.swift in Sources */,
				1A3F5B7D9E2C4A8071F6BE50 /* PaneHeaderView.swift in Sources */,
				B4F68462773E6A1D220DA476 /* PaneDividerView.swift in Sources */,
				CC180D48B134574F5E21D4B4 /* PaneNode.swift in Sources */,
				F450422C045AE78E7D5486FA /* SettingsOpenCoordinator.swift in Sources */,
				1CED6DD8299D1750E4C66631 /* SettingsStore.swift in Sources */,
				1851A4083C58F1F7361DB04C /* SettingsView.swift in Sources */,
				1851A408AAEE0001BBBBB001 /* ThemePicker.swift in Sources */,
				240E9E873F51A10E1909C148 /* SyntaxColorMap.swift in Sources */,
				F75BBFA5351351FD98A4759A /* SyntaxHighlighter.swift in Sources */,
				E9CC8D1BFE1AFC349433C4B4 /* TabBarView.swift in Sources */,
				D3E51D8F5752833947C4E6E0 /* TerminalBlockCapture.swift in Sources */,
				DC4B28FCBE3C849D3766A101 /* TerminalSession.swift in Sources */,
				98FA319CCB290CC39E9EEF73 /* TerminalTheme.swift in Sources */,
				68D5579883F02571544A846D /* TerminalWorkspaceView.swift in Sources */,
				C9FA15C125CD87815FF03CEC /* TesaraApp.swift in Sources */,
				3D72C5CAEC99162968379EB2 /* TesaraAppCommands.swift in Sources */,
				3C4D0617D38D2820033C25E8 /* TextStorage.swift in Sources */,
				BD773D1042EF68102567BF4B /* WorkspaceManager.swift in Sources */,
			);
			runOnlyForDeploymentPostprocessing = 0;
		};
		FDA3BEFE064F3683B6884233 /* Sources */ = {
			isa = PBXSourcesBuildPhase;
			buildActionMask = 2147483647;
			files = (
				9D2AA9AEBFD5CEEB5FED047D /* BlockStoreTests.swift in Sources */,
				3EEE11C653E36FBD7149E9B0 /* CLikeTokenizerTests.swift in Sources */,
				29A734CE04277445AEE6D04F /* CommandCaptureTests.swift in Sources */,
				930B4A96AEFFBD8443B5EA71 /* ConfigFileTests.swift in Sources */,
				1A68BB74DD68235FD70B8CC8 /* EditorFileIOTests.swift in Sources */,
				BDBC77980C44DF22A0C670BE /* EditorLayoutEngineTests.swift in Sources */,
				E397C2CD41B2D496D525E68C /* EditorSessionTests.swift in Sources */,
				21B8B24014BA7BEB3D16003F /* FixedPitchFontLibraryTests.swift in Sources */,
				3A9CB9669EA9FFC856BD0681 /* GhosttyConfigTests.swift in Sources */,
				29D0CE84C757E03EF56F432D /* GhosttyInputTests.swift in Sources */,
				67946EE861023962AF28FA7B /* GhosttySurfaceConfigTests.swift in Sources */,
				A138077D7D45D0ED5A1391B3 /* GlyphAtlasTests.swift in Sources */,
				8F50B109818FA08FF12D63F2 /* GlyphCacheTests.swift in Sources */,
				3AFF98CD9A850B462ECF6743 /* InputBarHistoryControllerTests.swift in Sources */,
				072331F12CC7007794B08CF1 /* JSONTokenizerTests.swift in Sources */,
				085CFD75DF7B4FA9B9F36894 /* KeyBindingDispatcherTests.swift in Sources */,
				D92C7A0446CBC7553B01AD55 /* PaneNodeTests.swift in Sources */,
				006547217CEB29410796DDE2 /* PerformanceBenchmarkTests.swift in Sources */,
				7C4EC6EB70E96401AD27AFB9 /* SettingsStoreTests.swift in Sources */,
				2C67001BE8159765D72AAA76 /* SyntaxColorMapTests.swift in Sources */,
				4E0D6A7833B8D0D29A262ADE /* SyntaxHighlighterTests.swift in Sources */,
				406A4786F958C46D88472E0F /* TerminalBlockCaptureTests.swift in Sources */,
				37429BDCCFCD0878073F997A /* TerminalSessionTests.swift in Sources */,
				81F684B3EE723B89F0976D5E /* TerminalThemeTests.swift in Sources */,
				BF3F8B3950CB544D24CA8525 /* TesaraTests.swift in Sources */,
				C417B502D1A9BDCFA7FE57CC /* TextStorageTests.swift in Sources */,
				7670B2AA1436F65F63F74F82 /* VisualLineMapTests.swift in Sources */,
				9F58E3CCFC266817AA5F8732 /* WorkspaceManagerTests.swift in Sources */,
			);
			runOnlyForDeploymentPostprocessing = 0;
		};
/* End PBXSourcesBuildPhase section */

/* Begin PBXTargetDependency section */
		E6ED6625163B7059381435DC /* PBXTargetDependency */ = {
			isa = PBXTargetDependency;
			target = F5D4C707C0FA0C0F03A19903 /* Tesara */;
			targetProxy = CE2E67B78F1FAB00B2796E0C /* PBXContainerItemProxy */;
		};
/* End PBXTargetDependency section */

/* Begin XCBuildConfiguration section */
		30A3745AC39F33CBB3D50351 /* Release */ = {
			isa = XCBuildConfiguration;
			buildSettings = {
				ASSETCATALOG_COMPILER_APPICON_NAME = AppIcon;
				CODE_SIGN_ENTITLEMENTS = Tesara/Tesara.entitlements;
				CODE_SIGN_STYLE = Automatic;
				COMBINE_HIDPI_IMAGES = YES;
				DEVELOPMENT_TEAM = 9ZLX6W79P6;
				ENABLE_HARDENED_RUNTIME = YES;
				GENERATE_INFOPLIST_FILE = NO;
				HEADER_SEARCH_PATHS = (
					"$(SRCROOT)/vendor/ghostty/zig-out/include",
				);
				INFOPLIST_FILE = Tesara/Info.plist;
				INFOPLIST_KEY_CFBundleDisplayName = Tesara;
				INFOPLIST_KEY_LSApplicationCategoryType = "public.app-category.developer-tools";
				INFOPLIST_KEY_NSHumanReadableCopyright = "Copyright 2026 Sam Solomon";
				LD_RUNPATH_SEARCH_PATHS = (
					"$(inherited)",
					"@executable_path/../Frameworks",
				);
				LIBRARY_SEARCH_PATHS = (
					"$(SRCROOT)/vendor/ghostty/zig-out/lib",
				);
				OTHER_LDFLAGS = (
					"-lghostty",
					"-lc++",
				);
				PRODUCT_BUNDLE_IDENTIFIER = com.samsolomon.tesara;
				PRODUCT_NAME = Tesara;
				SDKROOT = macosx;
				SWIFT_OBJC_BRIDGING_HEADER = "Tesara/Tesara-Bridging-Header.h";
				SWIFT_VERSION = 5.1;
			};
			name = Release;
		};
		702BF5542A29716154572C2B /* Debug */ = {
			isa = XCBuildConfiguration;
			buildSettings = {
				ASSETCATALOG_COMPILER_APPICON_NAME = AppIcon;
				CODE_SIGN_ENTITLEMENTS = Tesara/Tesara.entitlements;
				CODE_SIGN_STYLE = Automatic;
				COMBINE_HIDPI_IMAGES = YES;
				DEVELOPMENT_TEAM = 9ZLX6W79P6;
				ENABLE_HARDENED_RUNTIME = YES;
				GENERATE_INFOPLIST_FILE = NO;
				HEADER_SEARCH_PATHS = (
					"$(SRCROOT)/vendor/ghostty/zig-out/include",
				);
				INFOPLIST_FILE = Tesara/Info.plist;
				INFOPLIST_KEY_CFBundleDisplayName = Tesara;
				INFOPLIST_KEY_LSApplicationCategoryType = "public.app-category.developer-tools";
				INFOPLIST_KEY_NSHumanReadableCopyright = "Copyright 2026 Sam Solomon";
				LD_RUNPATH_SEARCH_PATHS = (
					"$(inherited)",
					"@executable_path/../Frameworks",
				);
				LIBRARY_SEARCH_PATHS = (
					"$(SRCROOT)/vendor/ghostty/zig-out/lib",
				);
				OTHER_LDFLAGS = (
					"-lghostty",
					"-lc++",
				);
				PRODUCT_BUNDLE_IDENTIFIER = com.samsolomon.tesara;
				PRODUCT_NAME = Tesara;
				SDKROOT = macosx;
				SWIFT_OBJC_BRIDGING_HEADER = "Tesara/Tesara-Bridging-Header.h";
				SWIFT_VERSION = 5.1;
			};
			name = Debug;
		};
		7AA69F729E40957983FC3DEC /* Debug */ = {
			isa = XCBuildConfiguration;
			buildSettings = {
				BUNDLE_LOADER = "$(TEST_HOST)";
				COMBINE_HIDPI_IMAGES = YES;
				DEVELOPMENT_TEAM = 9ZLX6W79P6;
				GENERATE_INFOPLIST_FILE = YES;
				HEADER_SEARCH_PATHS = (
					"$(SRCROOT)/vendor/ghostty/zig-out/include",
				);
				LD_RUNPATH_SEARCH_PATHS = (
					"$(inherited)",
					"@executable_path/../Frameworks",
					"@loader_path/../Frameworks",
				);
				PRODUCT_BUNDLE_IDENTIFIER = com.samsolomon.tesaraTests;
				SDKROOT = macosx;
				SWIFT_VERSION = 5.1;
				TEST_HOST = "$(BUILT_PRODUCTS_DIR)/Tesara.app/Contents/MacOS/Tesara";
			};
			name = Debug;
		};
		8A0C9513543C0FE65BFF92B4 /* Release */ = {
			isa = XCBuildConfiguration;
			buildSettings = {
				BUNDLE_LOADER = "$(TEST_HOST)";
				COMBINE_HIDPI_IMAGES = YES;
				DEVELOPMENT_TEAM = 9ZLX6W79P6;
				GENERATE_INFOPLIST_FILE = YES;
				HEADER_SEARCH_PATHS = (
					"$(SRCROOT)/vendor/ghostty/zig-out/include",
				);
				LD_RUNPATH_SEARCH_PATHS = (
					"$(inherited)",
					"@executable_path/../Frameworks",
					"@loader_path/../Frameworks",
				);
				PRODUCT_BUNDLE_IDENTIFIER = com.samsolomon.tesaraTests;
				SDKROOT = macosx;
				SWIFT_VERSION = 5.1;
				TEST_HOST = "$(BUILT_PRODUCTS_DIR)/Tesara.app/Contents/MacOS/Tesara";
			};
			name = Release;
		};
		B81A3040AF4C2D126AEDB7B0 /* Debug */ = {
			isa = XCBuildConfiguration;
			buildSettings = {
				ALWAYS_SEARCH_USER_PATHS = NO;
				CLANG_ANALYZER_NONNULL = YES;
				CLANG_ANALYZER_NUMBER_OBJECT_CONVERSION = YES_AGGRESSIVE;
				CLANG_CXX_LANGUAGE_STANDARD = "gnu++14";
				CLANG_CXX_LIBRARY = "libc++";
				CLANG_ENABLE_MODULES = YES;
				CLANG_ENABLE_OBJC_ARC = YES;
				CLANG_ENABLE_OBJC_WEAK = YES;
				CLANG_WARN_BLOCK_CAPTURE_AUTORELEASING = YES;
				CLANG_WARN_BOOL_CONVERSION = YES;
				CLANG_WARN_COMMA = YES;
				CLANG_WARN_CONSTANT_CONVERSION = YES;
				CLANG_WARN_DEPRECATED_OBJC_IMPLEMENTATIONS = YES;
				CLANG_WARN_DIRECT_OBJC_ISA_USAGE = YES_ERROR;
				CLANG_WARN_DOCUMENTATION_COMMENTS = YES;
				CLANG_WARN_EMPTY_BODY = YES;
				CLANG_WARN_ENUM_CONVERSION = YES;
				CLANG_WARN_INFINITE_RECURSION = YES;
				CLANG_WARN_INT_CONVERSION = YES;
				CLANG_WARN_NON_LITERAL_NULL_CONVERSION = YES;
				CLANG_WARN_OBJC_IMPLICIT_RETAIN_SELF = YES;
				CLANG_WARN_OBJC_LITERAL_CONVERSION = YES;
				CLANG_WARN_OBJC_ROOT_CLASS = YES_ERROR;
				CLANG_WARN_QUOTED_INCLUDE_IN_FRAMEWORK_HEADER = YES;
				CLANG_WARN_RANGE_LOOP_ANALYSIS = YES;
				CLANG_WARN_STRICT_PROTOTYPES = YES;
				CLANG_WARN_SUSPICIOUS_MOVE = YES;
				CLANG_WARN_UNGUARDED_AVAILABILITY = YES_AGGRESSIVE;
				CLANG_WARN_UNREACHABLE_CODE = YES;
				CLANG_WARN__DUPLICATE_METHOD_MATCH = YES;
				COPY_PHASE_STRIP = NO;
				CURRENT_PROJECT_VERSION = 1;
				DEBUG_INFORMATION_FORMAT = dwarf;
				ENABLE_STRICT_OBJC_MSGSEND = YES;
				ENABLE_TESTABILITY = YES;
				GCC_C_LANGUAGE_STANDARD = gnu11;
				GCC_DYNAMIC_NO_PIC = NO;
				GCC_NO_COMMON_BLOCKS = YES;
				GCC_OPTIMIZATION_LEVEL = 0;
				GCC_PREPROCESSOR_DEFINITIONS = (
					"$(inherited)",
					"DEBUG=1",
				);
				GCC_WARN_64_TO_32_BIT_CONVERSION = YES;
				GCC_WARN_ABOUT_RETURN_TYPE = YES_ERROR;
				GCC_WARN_UNDECLARED_SELECTOR = YES;
				GCC_WARN_UNINITIALIZED_AUTOS = YES_AGGRESSIVE;
				GCC_WARN_UNUSED_FUNCTION = YES;
				GCC_WARN_UNUSED_VARIABLE = YES;
				MACOSX_DEPLOYMENT_TARGET = 15.0;
				MARKETING_VERSION = 0.1.0;
				MTL_ENABLE_DEBUG_INFO = INCLUDE_SOURCE;
				MTL_FAST_MATH = YES;
				ONLY_ACTIVE_ARCH = YES;
				PRODUCT_NAME = "$(TARGET_NAME)";
				SDKROOT = macosx;
				SWIFT_ACTIVE_COMPILATION_CONDITIONS = DEBUG;
				SWIFT_OPTIMIZATION_LEVEL = "-Onone";
				SWIFT_VERSION = 5.0;
			};
			name = Debug;
		};
		BB840BDAD3A7859E408B3C03 /* Release */ = {
			isa = XCBuildConfiguration;
			buildSettings = {
				ALWAYS_SEARCH_USER_PATHS = NO;
				CLANG_ANALYZER_NONNULL = YES;
				CLANG_ANALYZER_NUMBER_OBJECT_CONVERSION = YES_AGGRESSIVE;
				CLANG_CXX_LANGUAGE_STANDARD = "gnu++14";
				CLANG_CXX_LIBRARY = "libc++";
				CLANG_ENABLE_MODULES = YES;
				CLANG_ENABLE_OBJC_ARC = YES;
				CLANG_ENABLE_OBJC_WEAK = YES;
				CLANG_WARN_BLOCK_CAPTURE_AUTORELEASING = YES;
				CLANG_WARN_BOOL_CONVERSION = YES;
				CLANG_WARN_COMMA = YES;
				CLANG_WARN_CONSTANT_CONVERSION = YES;
				CLANG_WARN_DEPRECATED_OBJC_IMPLEMENTATIONS = YES;
				CLANG_WARN_DIRECT_OBJC_ISA_USAGE = YES_ERROR;
				CLANG_WARN_DOCUMENTATION_COMMENTS = YES;
				CLANG_WARN_EMPTY_BODY = YES;
				CLANG_WARN_ENUM_CONVERSION = YES;
				CLANG_WARN_INFINITE_RECURSION = YES;
				CLANG_WARN_INT_CONVERSION = YES;
				CLANG_WARN_NON_LITERAL_NULL_CONVERSION = YES;
				CLANG_WARN_OBJC_IMPLICIT_RETAIN_SELF = YES;
				CLANG_WARN_OBJC_LITERAL_CONVERSION = YES;
				CLANG_WARN_OBJC_ROOT_CLASS = YES_ERROR;
				CLANG_WARN_QUOTED_INCLUDE_IN_FRAMEWORK_HEADER = YES;
				CLANG_WARN_RANGE_LOOP_ANALYSIS = YES;
				CLANG_WARN_STRICT_PROTOTYPES = YES;
				CLANG_WARN_SUSPICIOUS_MOVE = YES;
				CLANG_WARN_UNGUARDED_AVAILABILITY = YES_AGGRESSIVE;
				CLANG_WARN_UNREACHABLE_CODE = YES;
				CLANG_WARN__DUPLICATE_METHOD_MATCH = YES;
				COPY_PHASE_STRIP = NO;
				CURRENT_PROJECT_VERSION = 1;
				DEBUG_INFORMATION_FORMAT = "dwarf-with-dsym";
				ENABLE_NS_ASSERTIONS = NO;
				ENABLE_STRICT_OBJC_MSGSEND = YES;
				GCC_C_LANGUAGE_STANDARD = gnu11;
				GCC_NO_COMMON_BLOCKS = YES;
				GCC_WARN_64_TO_32_BIT_CONVERSION = YES;
				GCC_WARN_ABOUT_RETURN_TYPE = YES_ERROR;
				GCC_WARN_UNDECLARED_SELECTOR = YES;
				GCC_WARN_UNINITIALIZED_AUTOS = YES_AGGRESSIVE;
				GCC_WARN_UNUSED_FUNCTION = YES;
				GCC_WARN_UNUSED_VARIABLE = YES;
				MACOSX_DEPLOYMENT_TARGET = 15.0;
				MARKETING_VERSION = 0.1.0;
				MTL_ENABLE_DEBUG_INFO = NO;
				MTL_FAST_MATH = YES;
				PRODUCT_NAME = "$(TARGET_NAME)";
				SDKROOT = macosx;
				SWIFT_COMPILATION_MODE = wholemodule;
				SWIFT_OPTIMIZATION_LEVEL = "-O";
				SWIFT_VERSION = 5.0;
			};
			name = Release;
		};
/* End XCBuildConfiguration section */

/* Begin XCConfigurationList section */
		134222DDD2C39C20419F3B06 /* Build configuration list for PBXNativeTarget "TesaraTests" */ = {
			isa = XCConfigurationList;
			buildConfigurations = (
				7AA69F729E40957983FC3DEC /* Debug */,
				8A0C9513543C0FE65BFF92B4 /* Release */,
			);
			defaultConfigurationIsVisible = 0;
			defaultConfigurationName = Debug;
		};
		73887118A57C3463CDB07105 /* Build configuration list for PBXProject "Tesara" */ = {
			isa = XCConfigurationList;
			buildConfigurations = (
				B81A3040AF4C2D126AEDB7B0 /* Debug */,
				BB840BDAD3A7859E408B3C03 /* Release */,
			);
			defaultConfigurationIsVisible = 0;
			defaultConfigurationName = Debug;
		};
		B7993B1D1E2EB56146B2D3AB /* Build configuration list for PBXNativeTarget "Tesara" */ = {
			isa = XCConfigurationList;
			buildConfigurations = (
				702BF5542A29716154572C2B /* Debug */,
				30A3745AC39F33CBB3D50351 /* Release */,
			);
			defaultConfigurationIsVisible = 0;
			defaultConfigurationName = Debug;
		};
/* End XCConfigurationList section */

/* Begin XCRemoteSwiftPackageReference section */
		26DC779BA1E4C2E6C4A2D4AC /* XCRemoteSwiftPackageReference "GRDB.swift" */ = {
			isa = XCRemoteSwiftPackageReference;
			repositoryURL = "https://github.com/groue/GRDB.swift.git";
			requirement = {
				kind = upToNextMajorVersion;
				minimumVersion = 7.0.0;
			};
		};
		EC0C3F65CF77043DFD36796D /* XCRemoteSwiftPackageReference "Sparkle" */ = {
			isa = XCRemoteSwiftPackageReference;
			repositoryURL = "https://github.com/sparkle-project/Sparkle.git";
			requirement = {
				kind = upToNextMajorVersion;
				minimumVersion = 2.6.0;
			};
		};
/* End XCRemoteSwiftPackageReference section */

/* Begin XCSwiftPackageProductDependency section */
		4914B0341A868631C86F9855 /* Sparkle */ = {
			isa = XCSwiftPackageProductDependency;
			package = EC0C3F65CF77043DFD36796D /* XCRemoteSwiftPackageReference "Sparkle" */;
			productName = Sparkle;
		};
		DF6EF21EAA4938CD8F036D14 /* GRDB */ = {
			isa = XCSwiftPackageProductDependency;
			package = 26DC779BA1E4C2E6C4A2D4AC /* XCRemoteSwiftPackageReference "GRDB.swift" */;
			productName = GRDB;
		};
/* End XCSwiftPackageProductDependency section */
	};
	rootObject = 40DFEFB8F3E0E8AB2BCBBE4C /* Project object */;
}
